
Microsoft Visual Studio Solution File, Format Version 12.00
# Visual Studio Version 16
VisualStudioVersion = 16.0.32126.315
MinimumVisualStudioVersion = 10.0.40219.1
Project("{9A19103F-16F7-4668-BE54-9A1E7A4F7556}") = "Shops.Data", "Shops.Data\Shops.Data.csproj", "{5EBE142E-0710-4B6C-861D-77034E6A9F07}"
EndProject
Project("{9A19103F-16F7-4668-BE54-9A1E7A4F7556}") = "Shops.Logic", "Shops.Logic\Shops.Logic.csproj", "{CC458780-BF91-499C-8D85-D37CFFC29B20}"
EndProject
Project("{9A19103F-16F7-4668-BE54-9A1E7A4F7556}") = "Shops.Logic.Test", "Shops.Logic.Test\Shops.Logic.Test.csproj", "{6033E4B5-CFA1-475A-92F7-EAAE79F70345}"
EndProject
Project("{9A19103F-16F7-4668-BE54-9A1E7A4F7556}") = "Shops.Repository", "Shops.Repository\Shops.Repository.csproj", "{A7184C26-E3A0-44B3-9155-EF3663672DE7}"
EndProject
Project("{9A19103F-16F7-4668-BE54-9A1E7A4F7556}") = "Shops.Client", "Shops.Program\Shops.Client.csproj", "{808C93EE-943D-44A8-8027-54FAD0716C9F}"
EndProject
Project("{2150E333-8FDC-42A3-9474-1A3956D46DE8}") = "Solution Items", "Solution Items", "{D12FA509-99D7-4D9C-B821-0E061B09138B}"
	ProjectSection(SolutionItems) = preProject
		.editorconfig = .editorconfig
	EndProjectSection
EndProject
Project("{2150E333-8FDC-42A3-9474-1A3956D46DE8}") = "Backend", "Backend", "{7F949C3A-0E15-4DD9-B431-867E7D995836}"
EndProject
Project("{2150E333-8FDC-42A3-9474-1A3956D46DE8}") = "Frontend", "Frontend", "{7264050D-29CA-435B-AD09-A3B45550DACA}"
EndProject
Project("{2150E333-8FDC-42A3-9474-1A3956D46DE8}") = "Others", "Others", "{35E9F6BE-E6D4-4D03-BBD0-53C7C2D80F99}"
	ProjectSection(SolutionItems) = preProject
		.gitignore = .gitignore
	EndProjectSection
EndProject
Project("{2150E333-8FDC-42A3-9474-1A3956D46DE8}") = "Shared", "Shared", "{5B2DDABD-3889-4B0C-8531-025A82BC3D8E}"
EndProject
Project("{9A19103F-16F7-4668-BE54-9A1E7A4F7556}") = "Shops.Models", "Shops.Models\Shops.Models.csproj", "{C15CEA1B-3766-4593-9456-09FB1FF185CC}"
EndProject
Project("{9A19103F-16F7-4668-BE54-9A1E7A4F7556}") = "Shops.Endpoint", "Shops.Endpoint\Shops.Endpoint.csproj", "{2895C8E2-40A2-4A6B-B403-B858B37408B3}"
EndProject
Project("{9A19103F-16F7-4668-BE54-9A1E7A4F7556}") = "Shops.WpfClient", "Shops.WpfClient\Shops.WpfClient.csproj", "{945A9BED-39F3-4A65-A893-ABFCC278F45B}"
EndProject
Project("{FAE04EC0-301F-11D3-BF4B-00C04F79EFBC}") = "Shops.JsClient", "Shops.JsClient\Shops.JsClient.csproj", "{CEE69F21-72AC-42E9-9170-AF83D263B036}"
EndProject
Global
	GlobalSection(SolutionConfigurationPlatforms) = preSolution
		Debug|Any CPU = Debug|Any CPU
		Release|Any CPU = Release|Any CPU
	EndGlobalSection
	GlobalSection(ProjectConfigurationPlatforms) = postSolution
		{5EBE142E-0710-4B6C-861D-77034E6A9F07}.Debug|Any CPU.ActiveCfg = Debug|Any CPU
		{5EBE142E-0710-4B6C-861D-77034E6A9F07}.Debug|Any CPU.Build.0 = Debug|Any CPU
		{5EBE142E-0710-4B6C-861D-77034E6A9F07}.Release|Any CPU.ActiveCfg = Release|Any CPU
		{5EBE142E-0710-4B6C-861D-77034E6A9F07}.Release|Any CPU.Build.0 = Release|Any CPU
		{CC458780-BF91-499C-8D85-D37CFFC29B20}.Debug|Any CPU.ActiveCfg = Debug|Any CPU
		{CC458780-BF91-499C-8D85-D37CFFC29B20}.Debug|Any CPU.Build.0 = Debug|Any CPU
		{CC458780-BF91-499C-8D85-D37CFFC29B20}.Release|Any CPU.ActiveCfg = Release|Any CPU
		{CC458780-BF91-499C-8D85-D37CFFC29B20}.Release|Any CPU.Build.0 = Release|Any CPU
		{6033E4B5-CFA1-475A-92F7-EAAE79F70345}.Debug|Any CPU.ActiveCfg = Debug|Any CPU
		{6033E4B5-CFA1-475A-92F7-EAAE79F70345}.Debug|Any CPU.Build.0 = Debug|Any CPU
		{6033E4B5-CFA1-475A-92F7-EAAE79F70345}.Release|Any CPU.ActiveCfg = Release|Any CPU
		{6033E4B5-CFA1-475A-92F7-EAAE79F70345}.Release|Any CPU.Build.0 = Release|Any CPU
		{A7184C26-E3A0-44B3-9155-EF3663672DE7}.Debug|Any CPU.ActiveCfg = Debug|Any CPU
		{A7184C26-E3A0-44B3-9155-EF3663672DE7}.Debug|Any CPU.Build.0 = Debug|Any CPU
		{A7184C26-E3A0-44B3-9155-EF3663672DE7}.Release|Any CPU.ActiveCfg = Release|Any CPU
		{A7184C26-E3A0-44B3-9155-EF3663672DE7}.Release|Any CPU.Build.0 = Release|Any CPU
		{808C93EE-943D-44A8-8027-54FAD0716C9F}.Debug|Any CPU.ActiveCfg = Debug|Any CPU
		{808C93EE-943D-44A8-8027-54FAD0716C9F}.Debug|Any CPU.Build.0 = Debug|Any CPU
		{808C93EE-943D-44A8-8027-54FAD0716C9F}.Release|Any CPU.ActiveCfg = Release|Any CPU
		{808C93EE-943D-44A8-8027-54FAD0716C9F}.Release|Any CPU.Build.0 = Release|Any CPU
		{C15CEA1B-3766-4593-9456-09FB1FF185CC}.Debug|Any CPU.ActiveCfg = Debug|Any CPU
		{C15CEA1B-3766-4593-9456-09FB1FF185CC}.Debug|Any CPU.Build.0 = Debug|Any CPU
		{C15CEA1B-3766-4593-9456-09FB1FF185CC}.Release|Any CPU.ActiveCfg = Release|Any CPU
		{C15CEA1B-3766-4593-9456-09FB1FF185CC}.Release|Any CPU.Build.0 = Release|Any CPU
		{2895C8E2-40A2-4A6B-B403-B858B37408B3}.Debug|Any CPU.ActiveCfg = Debug|Any CPU
		{2895C8E2-40A2-4A6B-B403-B858B37408B3}.Debug|Any CPU.Build.0 = Debug|Any CPU
		{2895C8E2-40A2-4A6B-B403-B858B37408B3}.Release|Any CPU.ActiveCfg = Release|Any CPU
		{2895C8E2-40A2-4A6B-B403-B858B37408B3}.Release|Any CPU.Build.0 = Release|Any CPU
		{945A9BED-39F3-4A65-A893-ABFCC278F45B}.Debug|Any CPU.ActiveCfg = Debug|Any CPU
		{945A9BED-39F3-4A65-A893-ABFCC278F45B}.Debug|Any CPU.Build.0 = Debug|Any CPU
		{945A9BED-39F3-4A65-A893-ABFCC278F45B}.Release|Any CPU.ActiveCfg = Release|Any CPU
		{945A9BED-39F3-4A65-A893-ABFCC278F45B}.Release|Any CPU.Build.0 = Release|Any CPU
		{CEE69F21-72AC-42E9-9170-AF83D263B036}.Debug|Any CPU.ActiveCfg = Debug|Any CPU
		{CEE69F21-72AC-42E9-9170-AF83D263B036}.Debug|Any CPU.Build.0 = Debug|Any CPU
		{CEE69F21-72AC-42E9-9170-AF83D263B036}.Release|Any CPU.ActiveCfg = Release|Any CPU
		{CEE69F21-72AC-42E9-9170-AF83D263B036}.Release|Any CPU.Build.0 = Release|Any CPU
	EndGlobalSection
	GlobalSection(SolutionProperties) = preSolution
		HideSolutionNode = FALSE
	EndGlobalSection
	GlobalSection(NestedProjects) = preSolution
		{5EBE142E-0710-4B6C-861D-77034E6A9F07} = {7F949C3A-0E15-4DD9-B431-867E7D995836}
		{CC458780-BF91-499C-8D85-D37CFFC29B20} = {7F949C3A-0E15-4DD9-B431-867E7D995836}
		{6033E4B5-CFA1-475A-92F7-EAAE79F70345} = {7F949C3A-0E15-4DD9-B431-867E7D995836}
		{A7184C26-E3A0-44B3-9155-EF3663672DE7} = {7F949C3A-0E15-4DD9-B431-867E7D995836}
		{808C93EE-943D-44A8-8027-54FAD0716C9F} = {7264050D-29CA-435B-AD09-A3B45550DACA}
		{C15CEA1B-3766-4593-9456-09FB1FF185CC} = {5B2DDABD-3889-4B0C-8531-025A82BC3D8E}
		{2895C8E2-40A2-4A6B-B403-B858B37408B3} = {7F949C3A-0E15-4DD9-B431-867E7D995836}
		{945A9BED-39F3-4A65-A893-ABFCC278F45B} = {7264050D-29CA-435B-AD09-A3B45550DACA}
		{CEE69F21-72AC-42E9-9170-AF83D263B036} = {7264050D-29CA-435B-AD09-A3B45550DACA}
	EndGlobalSection
	GlobalSection(ExtensibilityGlobals) = postSolution
		SolutionGuid = {31E91A89-6480-4610-8E9D-6F72A07C9C86}
	EndGlobalSection
EndGlobal
