
Microsoft Visual Studio Solution File, Format Version 12.00
# Visual Studio Version 16
VisualStudioVersion = 16.0.31025.194
MinimumVisualStudioVersion = 10.0.40219.1
Project("{FAE04EC0-301F-11D3-BF4B-00C04F79EFBC}") = "Shops.Data", "Shops.Data\Shops.Data.csproj", "{5EBE142E-0710-4B6C-861D-77034E6A9F07}"
EndProject
Project("{FAE04EC0-301F-11D3-BF4B-00C04F79EFBC}") = "Shops.Logic", "Shops.Logic\Shops.Logic.csproj", "{CC458780-BF91-499C-8D85-D37CFFC29B20}"
EndProject
Project("{FAE04EC0-301F-11D3-BF4B-00C04F79EFBC}") = "Shops.Logic.Test", "Shops.Logic.Test\Shops.Logic.Test.csproj", "{6033E4B5-CFA1-475A-92F7-EAAE79F70345}"
EndProject
Project("{FAE04EC0-301F-11D3-BF4B-00C04F79EFBC}") = "Shops.Repository", "Shops.Repository\Shops.Repository.csproj", "{A7184C26-E3A0-44B3-9155-EF3663672DE7}"
EndProject
Project("{FAE04EC0-301F-11D3-BF4B-00C04F79EFBC}") = "Shops.Program", "Shops.Program\Shops.Program.csproj", "{808C93EE-943D-44A8-8027-54FAD0716C9F}"
EndProject
Project("{2150E333-8FDC-42A3-9474-1A3956D46DE8}") = "Solution Items", "Solution Items", "{D12FA509-99D7-4D9C-B821-0E061B09138B}"
	ProjectSection(SolutionItems) = preProject
		.editorconfig = .editorconfig
	EndProjectSection
EndProject
Global
	GlobalSection(SolutionConfigurationPlatforms) = preSolution
		Debug|Any CPU = Debug|Any CPU
		Release|Any CPU = Release|Any CPU
	EndGlobalSection
	GlobalSection(ProjectConfigurationPlatforms) = postSolution
		{5EBE142E-0710-4B6C-861D-77034E6A9F07}.Debug|Any CPU.ActiveCfg = Debug|Any CPU
		{5EBE142E-0710-4B6C-861D-77034E6A9F07}.Debug|Any CPU.Build.0 = Debug|Any CPU
		{5EBE142E-0710-4B6C-861D-77034E6A9F07}.Release|Any CPU.ActiveCfg = Release|Any CPU
		{5EBE142E-0710-4B6C-861D-77034E6A9F07}.Release|Any CPU.Build.0 = Release|Any CPU
		{CC458780-BF91-499C-8D85-D37CFFC29B20}.Debug|Any CPU.ActiveCfg = Debug|Any CPU
		{CC458780-BF91-499C-8D85-D37CFFC29B20}.Debug|Any CPU.Build.0 = Debug|Any CPU
		{CC458780-BF91-499C-8D85-D37CFFC29B20}.Release|Any CPU.ActiveCfg = Release|Any CPU
		{CC458780-BF91-499C-8D85-D37CFFC29B20}.Release|Any CPU.Build.0 = Release|Any CPU
		{6033E4B5-CFA1-475A-92F7-EAAE79F70345}.Debug|Any CPU.ActiveCfg = Debug|Any CPU
		{6033E4B5-CFA1-475A-92F7-EAAE79F70345}.Debug|Any CPU.Build.0 = Debug|Any CPU
		{6033E4B5-CFA1-475A-92F7-EAAE79F70345}.Release|Any CPU.ActiveCfg = Release|Any CPU
		{6033E4B5-CFA1-475A-92F7-EAAE79F70345}.Release|Any CPU.Build.0 = Release|Any CPU
		{A7184C26-E3A0-44B3-9155-EF3663672DE7}.Debug|Any CPU.ActiveCfg = Debug|Any CPU
		{A7184C26-E3A0-44B3-9155-EF3663672DE7}.Debug|Any CPU.Build.0 = Debug|Any CPU
		{A7184C26-E3A0-44B3-9155-EF3663672DE7}.Release|Any CPU.ActiveCfg = Release|Any CPU
		{A7184C26-E3A0-44B3-9155-EF3663672DE7}.Release|Any CPU.Build.0 = Release|Any CPU
		{808C93EE-943D-44A8-8027-54FAD0716C9F}.Debug|Any CPU.ActiveCfg = Debug|Any CPU
		{808C93EE-943D-44A8-8027-54FAD0716C9F}.Debug|Any CPU.Build.0 = Debug|Any CPU
		{808C93EE-943D-44A8-8027-54FAD0716C9F}.Release|Any CPU.ActiveCfg = Release|Any CPU
		{808C93EE-943D-44A8-8027-54FAD0716C9F}.Release|Any CPU.Build.0 = Release|Any CPU
	EndGlobalSection
	GlobalSection(SolutionProperties) = preSolution
		HideSolutionNode = FALSE
	EndGlobalSection
	GlobalSection(ExtensibilityGlobals) = postSolution
		SolutionGuid = {31E91A89-6480-4610-8E9D-6F72A07C9C86}
	EndGlobalSection
EndGlobal
