
Microsoft Visual Studio Solution File, Format Version 12.00
# Visual Studio Version 16
VisualStudioVersion = 16.0.31025.194
MinimumVisualStudioVersion = 10.0.40219.1
Project("{9A19103F-16F7-4668-BE54-9A1E7A4F7556}") = "MobileWebshop.Program", "MobileWebshop.Program\MobileWebshop.Program.csproj", "{CB61BD4E-193A-4F88-8F53-D6CA88289C5D}"
EndProject
Project("{9A19103F-16F7-4668-BE54-9A1E7A4F7556}") = "MobileWebshop.Data", "MobileWebshop.Data\MobileWebshop.Data.csproj", "{20776D6B-58A2-4085-AA4C-7FE455B0C032}"
EndProject
Project("{9A19103F-16F7-4668-BE54-9A1E7A4F7556}") = "MobileWebshop.Logic", "MobileWebshop.Logic\MobileWebshop.Logic.csproj", "{4A762F75-2847-408C-849B-BE06753F8B0E}"
EndProject
Project("{9A19103F-16F7-4668-BE54-9A1E7A4F7556}") = "MobileWebshop.Logic.Test", "MobileWebshop.Logic.Test\MobileWebshop.Logic.Test.csproj", "{651E51C7-0F0C-46AB-8BAB-112E9DA2BCFF}"
EndProject
Project("{9A19103F-16F7-4668-BE54-9A1E7A4F7556}") = "MobileWebshop.Repository", "MobileWebshop.Repository\MobileWebshop.Repository.csproj", "{7422542C-2F1B-4585-AF00-6F6FD02343DC}"
EndProject
Global
	GlobalSection(SolutionConfigurationPlatforms) = preSolution
		Debug|Any CPU = Debug|Any CPU
		Release|Any CPU = Release|Any CPU
	EndGlobalSection
	GlobalSection(ProjectConfigurationPlatforms) = postSolution
		{CB61BD4E-193A-4F88-8F53-D6CA88289C5D}.Debug|Any CPU.ActiveCfg = Debug|Any CPU
		{CB61BD4E-193A-4F88-8F53-D6CA88289C5D}.Debug|Any CPU.Build.0 = Debug|Any CPU
		{CB61BD4E-193A-4F88-8F53-D6CA88289C5D}.Release|Any CPU.ActiveCfg = Release|Any CPU
		{CB61BD4E-193A-4F88-8F53-D6CA88289C5D}.Release|Any CPU.Build.0 = Release|Any CPU
		{20776D6B-58A2-4085-AA4C-7FE455B0C032}.Debug|Any CPU.ActiveCfg = Debug|Any CPU
		{20776D6B-58A2-4085-AA4C-7FE455B0C032}.Debug|Any CPU.Build.0 = Debug|Any CPU
		{20776D6B-58A2-4085-AA4C-7FE455B0C032}.Release|Any CPU.ActiveCfg = Release|Any CPU
		{20776D6B-58A2-4085-AA4C-7FE455B0C032}.Release|Any CPU.Build.0 = Release|Any CPU
		{4A762F75-2847-408C-849B-BE06753F8B0E}.Debug|Any CPU.ActiveCfg = Debug|Any CPU
		{4A762F75-2847-408C-849B-BE06753F8B0E}.Debug|Any CPU.Build.0 = Debug|Any CPU
		{4A762F75-2847-408C-849B-BE06753F8B0E}.Release|Any CPU.ActiveCfg = Release|Any CPU
		{4A762F75-2847-408C-849B-BE06753F8B0E}.Release|Any CPU.Build.0 = Release|Any CPU
		{651E51C7-0F0C-46AB-8BAB-112E9DA2BCFF}.Debug|Any CPU.ActiveCfg = Debug|Any CPU
		{651E51C7-0F0C-46AB-8BAB-112E9DA2BCFF}.Debug|Any CPU.Build.0 = Debug|Any CPU
		{651E51C7-0F0C-46AB-8BAB-112E9DA2BCFF}.Release|Any CPU.ActiveCfg = Release|Any CPU
		{651E51C7-0F0C-46AB-8BAB-112E9DA2BCFF}.Release|Any CPU.Build.0 = Release|Any CPU
		{7422542C-2F1B-4585-AF00-6F6FD02343DC}.Debug|Any CPU.ActiveCfg = Debug|Any CPU
		{7422542C-2F1B-4585-AF00-6F6FD02343DC}.Debug|Any CPU.Build.0 = Debug|Any CPU
		{7422542C-2F1B-4585-AF00-6F6FD02343DC}.Release|Any CPU.ActiveCfg = Release|Any CPU
		{7422542C-2F1B-4585-AF00-6F6FD02343DC}.Release|Any CPU.Build.0 = Release|Any CPU
	EndGlobalSection
	GlobalSection(SolutionProperties) = preSolution
		HideSolutionNode = FALSE
	EndGlobalSection
	GlobalSection(ExtensibilityGlobals) = postSolution
		SolutionGuid = {31E91A89-6480-4610-8E9D-6F72A07C9C86}
	EndGlobalSection
EndGlobal
