
Microsoft Visual Studio Solution File, Format Version 12.00
# Visual Studio Version 16
VisualStudioVersion = 16.0.31025.194
MinimumVisualStudioVersion = 10.0.40219.1
Project("{FAE04EC0-301F-11D3-BF4B-00C04F79EFBC}") = "MobileShops.Data", "MobileShops.Data\MobileShops.Data.csproj", "{D40F490A-4853-47C2-8CC5-3F10DB99B8C2}"
EndProject
Project("{FAE04EC0-301F-11D3-BF4B-00C04F79EFBC}") = "MobileShops.Logic", "MobileShops.Logic\MobileShops.Logic.csproj", "{7724CAAD-03D2-4E45-AA02-4406E19150FD}"
EndProject
Project("{FAE04EC0-301F-11D3-BF4B-00C04F79EFBC}") = "MobileShops.Program", "MobileShops.Program\MobileShops.Program.csproj", "{F12138D2-F972-444B-8F9C-917DB932EF2E}"
EndProject
Project("{FAE04EC0-301F-11D3-BF4B-00C04F79EFBC}") = "MobileShops.Repository", "MobileShops.Repository\MobileShops.Repository.csproj", "{E9FC82A9-7894-4F18-B0D6-B457393E8C2E}"
EndProject
Project("{FAE04EC0-301F-11D3-BF4B-00C04F79EFBC}") = "MobileShops.Logic.Test", "MobileShops.Logic.Test\MobileShops.Logic.Test.csproj", "{8CF4BF3F-1ADD-4F1C-BE3D-A65960BA119D}"
EndProject
Global
	GlobalSection(SolutionConfigurationPlatforms) = preSolution
		Debug|Any CPU = Debug|Any CPU
		Release|Any CPU = Release|Any CPU
	EndGlobalSection
	GlobalSection(ProjectConfigurationPlatforms) = postSolution
		{D40F490A-4853-47C2-8CC5-3F10DB99B8C2}.Debug|Any CPU.ActiveCfg = Debug|Any CPU
		{D40F490A-4853-47C2-8CC5-3F10DB99B8C2}.Debug|Any CPU.Build.0 = Debug|Any CPU
		{D40F490A-4853-47C2-8CC5-3F10DB99B8C2}.Release|Any CPU.ActiveCfg = Release|Any CPU
		{D40F490A-4853-47C2-8CC5-3F10DB99B8C2}.Release|Any CPU.Build.0 = Release|Any CPU
		{7724CAAD-03D2-4E45-AA02-4406E19150FD}.Debug|Any CPU.ActiveCfg = Debug|Any CPU
		{7724CAAD-03D2-4E45-AA02-4406E19150FD}.Debug|Any CPU.Build.0 = Debug|Any CPU
		{7724CAAD-03D2-4E45-AA02-4406E19150FD}.Release|Any CPU.ActiveCfg = Release|Any CPU
		{7724CAAD-03D2-4E45-AA02-4406E19150FD}.Release|Any CPU.Build.0 = Release|Any CPU
		{F12138D2-F972-444B-8F9C-917DB932EF2E}.Debug|Any CPU.ActiveCfg = Debug|Any CPU
		{F12138D2-F972-444B-8F9C-917DB932EF2E}.Debug|Any CPU.Build.0 = Debug|Any CPU
		{F12138D2-F972-444B-8F9C-917DB932EF2E}.Release|Any CPU.ActiveCfg = Release|Any CPU
		{F12138D2-F972-444B-8F9C-917DB932EF2E}.Release|Any CPU.Build.0 = Release|Any CPU
		{E9FC82A9-7894-4F18-B0D6-B457393E8C2E}.Debug|Any CPU.ActiveCfg = Debug|Any CPU
		{E9FC82A9-7894-4F18-B0D6-B457393E8C2E}.Debug|Any CPU.Build.0 = Debug|Any CPU
		{E9FC82A9-7894-4F18-B0D6-B457393E8C2E}.Release|Any CPU.ActiveCfg = Release|Any CPU
		{E9FC82A9-7894-4F18-B0D6-B457393E8C2E}.Release|Any CPU.Build.0 = Release|Any CPU
		{8CF4BF3F-1ADD-4F1C-BE3D-A65960BA119D}.Debug|Any CPU.ActiveCfg = Debug|Any CPU
		{8CF4BF3F-1ADD-4F1C-BE3D-A65960BA119D}.Debug|Any CPU.Build.0 = Debug|Any CPU
		{8CF4BF3F-1ADD-4F1C-BE3D-A65960BA119D}.Release|Any CPU.ActiveCfg = Release|Any CPU
		{8CF4BF3F-1ADD-4F1C-BE3D-A65960BA119D}.Release|Any CPU.Build.0 = Release|Any CPU
	EndGlobalSection
	GlobalSection(SolutionProperties) = preSolution
		HideSolutionNode = FALSE
	EndGlobalSection
	GlobalSection(ExtensibilityGlobals) = postSolution
		SolutionGuid = {31E91A89-6480-4610-8E9D-6F72A07C9C86}
	EndGlobalSection
EndGlobal
